
Microsoft Visual Studio Solution File, Format Version 12.00
# Visual Studio Version 16
VisualStudioVersion = 16.0.32929.386
MinimumVisualStudioVersion = 10.0.40219.1
Project("{FAE04EC0-301F-11D3-BF4B-00C04F79EFBC}") = "SnakeGame", "SnakeGame\SnakeGame.csproj", "{B4D02437-A39E-4261-97E5-8ADDA8CB0837}"
EndProject
Global
	GlobalSection(SolutionConfigurationPlatforms) = preSolution
		Debug|Any CPU = Debug|Any CPU
		Release|Any CPU = Release|Any CPU
	EndGlobalSection
	GlobalSection(ProjectConfigurationPlatforms) = postSolution
		{B4D02437-A39E-4261-97E5-8ADDA8CB0837}.Debug|Any CPU.ActiveCfg = Debug|Any CPU
		{B4D02437-A39E-4261-97E5-8ADDA8CB0837}.Debug|Any CPU.Build.0 = Debug|Any CPU
		{B4D02437-A39E-4261-97E5-8ADDA8CB0837}.Release|Any CPU.ActiveCfg = Release|Any CPU
		{B4D02437-A39E-4261-97E5-8ADDA8CB0837}.Release|Any CPU.Build.0 = Release|Any CPU
	EndGlobalSection
	GlobalSection(SolutionProperties) = preSolution
		HideSolutionNode = FALSE
	EndGlobalSection
	GlobalSection(ExtensibilityGlobals) = postSolution
		SolutionGuid = {DEB44206-22D1-4D3C-A6C4-B236B5D04CF6}
	EndGlobalSection
EndGlobal
